// !$*UTF8*$!
{
	archiveVersion = 1;
	classes = {
	};
	objectVersion = 50;
	objects = {

/* Begin PBXBuildFile section */
		6DBA4DD299A2C370CE939DEB /* Pods_Playground.framework in Frameworks */ = {isa = PBXBuildFile; fileRef = CE18A928D70FEE6BB3FA62F6 /* Pods_Playground.framework */; };
		DF9A499423C9AF8600E99667 /* AppDelegate.m in Sources */ = {isa = PBXBuildFile; fileRef = DF9A499323C9AF8600E99667 /* AppDelegate.m */; };
		DF9A499A23C9AF8600E99667 /* ViewController.m in Sources */ = {isa = PBXBuildFile; fileRef = DF9A499923C9AF8600E99667 /* ViewController.m */; };
		DF9A499D23C9AF8600E99667 /* Main.storyboard in Resources */ = {isa = PBXBuildFile; fileRef = DF9A499B23C9AF8600E99667 /* Main.storyboard */; };
		DF9A499F23C9AF8900E99667 /* Assets.xcassets in Resources */ = {isa = PBXBuildFile; fileRef = DF9A499E23C9AF8900E99667 /* Assets.xcassets */; };
		DF9A49A223C9AF8900E99667 /* LaunchScreen.storyboard in Resources */ = {isa = PBXBuildFile; fileRef = DF9A49A023C9AF8900E99667 /* LaunchScreen.storyboard */; };
		DF9A49A523C9AF8900E99667 /* main.m in Sources */ = {isa = PBXBuildFile; fileRef = DF9A49A423C9AF8900E99667 /* main.m */; };
		DF9A49B223C9AFEE00E99667 /* main.m in Sources */ = {isa = PBXBuildFile; fileRef = DF9A49B123C9AFEE00E99667 /* main.m */; };
		DF9A49BD23C9B1C200E99667 /* main.m in Sources */ = {isa = PBXBuildFile; fileRef = DF9A49BC23C9B1C200E99667 /* main.m */; };
		DF9A49CA23C9B83900E99667 /* main.m in Sources */ = {isa = PBXBuildFile; fileRef = DF9A49C923C9B83900E99667 /* main.m */; };
		DF9A49D623C9BA1A00E99667 /* main.m in Sources */ = {isa = PBXBuildFile; fileRef = DF9A49D523C9BA1A00E99667 /* main.m */; };
		DF9A49E123C9C4A600E99667 /* main.m in Sources */ = {isa = PBXBuildFile; fileRef = DF9A49E023C9C4A600E99667 /* main.m */; };
		DF9A49EC23C9C95300E99667 /* main.m in Sources */ = {isa = PBXBuildFile; fileRef = DF9A49EB23C9C95300E99667 /* main.m */; };
		DF9A4A0223C9CB4F00E99667 /* main.c in Sources */ = {isa = PBXBuildFile; fileRef = DF9A4A0123C9CB4F00E99667 /* main.c */; };
/* End PBXBuildFile section */

/* Begin PBXCopyFilesBuildPhase section */
		DF9A49AD23C9AFEE00E99667 /* CopyFiles */ = {
			isa = PBXCopyFilesBuildPhase;
			buildActionMask = 2147483647;
			dstPath = /usr/share/man/man1/;
			dstSubfolderSpec = 0;
			files = (
			);
			runOnlyForDeploymentPostprocessing = 1;
		};
		DF9A49B823C9B1C200E99667 /* CopyFiles */ = {
			isa = PBXCopyFilesBuildPhase;
			buildActionMask = 2147483647;
			dstPath = /usr/share/man/man1/;
			dstSubfolderSpec = 0;
			files = (
			);
			runOnlyForDeploymentPostprocessing = 1;
		};
		DF9A49C523C9B83900E99667 /* CopyFiles */ = {
			isa = PBXCopyFilesBuildPhase;
			buildActionMask = 2147483647;
			dstPath = /usr/share/man/man1/;
			dstSubfolderSpec = 0;
			files = (
			);
			runOnlyForDeploymentPostprocessing = 1;
		};
		DF9A49D123C9BA1A00E99667 /* CopyFiles */ = {
			isa = PBXCopyFilesBuildPhase;
			buildActionMask = 2147483647;
			dstPath = /usr/share/man/man1/;
			dstSubfolderSpec = 0;
			files = (
			);
			runOnlyForDeploymentPostprocessing = 1;
		};
		DF9A49DC23C9C4A600E99667 /* CopyFiles */ = {
			isa = PBXCopyFilesBuildPhase;
			buildActionMask = 2147483647;
			dstPath = /usr/share/man/man1/;
			dstSubfolderSpec = 0;
			files = (
			);
			runOnlyForDeploymentPostprocessing = 1;
		};
		DF9A49E723C9C95300E99667 /* CopyFiles */ = {
			isa = PBXCopyFilesBuildPhase;
			buildActionMask = 2147483647;
			dstPath = /usr/share/man/man1/;
			dstSubfolderSpec = 0;
			files = (
			);
			runOnlyForDeploymentPostprocessing = 1;
		};
		DF9A49FD23C9CB4F00E99667 /* CopyFiles */ = {
			isa = PBXCopyFilesBuildPhase;
			buildActionMask = 2147483647;
			dstPath = /usr/share/man/man1/;
			dstSubfolderSpec = 0;
			files = (
			);
			runOnlyForDeploymentPostprocessing = 1;
		};
/* End PBXCopyFilesBuildPhase section */

/* Begin PBXFileReference section */
		08CF80679345F08E3B8CF9D5 /* Pods-Playground.debug.xcconfig */ = {isa = PBXFileReference; includeInIndex = 1; lastKnownFileType = text.xcconfig; name = "Pods-Playground.debug.xcconfig"; path = "Target Support Files/Pods-Playground/Pods-Playground.debug.xcconfig"; sourceTree = "<group>"; };
		0EBAF9B68B8E19EF7B814073 /* Pods-Test.release.xcconfig */ = {isa = PBXFileReference; includeInIndex = 1; lastKnownFileType = text.xcconfig; name = "Pods-Test.release.xcconfig"; path = "Target Support Files/Pods-Test/Pods-Test.release.xcconfig"; sourceTree = "<group>"; };
		117FDF2DF801CEFCECE576D2 /* Pods_Test.framework */ = {isa = PBXFileReference; explicitFileType = wrapper.framework; includeInIndex = 0; path = Pods_Test.framework; sourceTree = BUILT_PRODUCTS_DIR; };
		84BEBCB6BF03F2FDED45F866 /* Pods-Test.debug.xcconfig */ = {isa = PBXFileReference; includeInIndex = 1; lastKnownFileType = text.xcconfig; name = "Pods-Test.debug.xcconfig"; path = "Target Support Files/Pods-Test/Pods-Test.debug.xcconfig"; sourceTree = "<group>"; };
		C549665D403B5B45FF82166F /* Pods-Playground.release.xcconfig */ = {isa = PBXFileReference; includeInIndex = 1; lastKnownFileType = text.xcconfig; name = "Pods-Playground.release.xcconfig"; path = "Target Support Files/Pods-Playground/Pods-Playground.release.xcconfig"; sourceTree = "<group>"; };
		CE18A928D70FEE6BB3FA62F6 /* Pods_Playground.framework */ = {isa = PBXFileReference; explicitFileType = wrapper.framework; includeInIndex = 0; path = Pods_Playground.framework; sourceTree = BUILT_PRODUCTS_DIR; };
		DF9A498F23C9AF8600E99667 /* Playground.app */ = {isa = PBXFileReference; explicitFileType = wrapper.application; includeInIndex = 0; path = Playground.app; sourceTree = BUILT_PRODUCTS_DIR; };
		DF9A499223C9AF8600E99667 /* AppDelegate.h */ = {isa = PBXFileReference; lastKnownFileType = sourcecode.c.h; path = AppDelegate.h; sourceTree = "<group>"; };
		DF9A499323C9AF8600E99667 /* AppDelegate.m */ = {isa = PBXFileReference; lastKnownFileType = sourcecode.c.objc; path = AppDelegate.m; sourceTree = "<group>"; };
		DF9A499823C9AF8600E99667 /* ViewController.h */ = {isa = PBXFileReference; lastKnownFileType = sourcecode.c.h; path = ViewController.h; sourceTree = "<group>"; };
		DF9A499923C9AF8600E99667 /* ViewController.m */ = {isa = PBXFileReference; lastKnownFileType = sourcecode.c.objc; path = ViewController.m; sourceTree = "<group>"; };
		DF9A499C23C9AF8600E99667 /* Base */ = {isa = PBXFileReference; lastKnownFileType = file.storyboard; name = Base; path = Base.lproj/Main.storyboard; sourceTree = "<group>"; };
		DF9A499E23C9AF8900E99667 /* Assets.xcassets */ = {isa = PBXFileReference; lastKnownFileType = folder.assetcatalog; path = Assets.xcassets; sourceTree = "<group>"; };
		DF9A49A123C9AF8900E99667 /* Base */ = {isa = PBXFileReference; lastKnownFileType = file.storyboard; name = Base; path = Base.lproj/LaunchScreen.storyboard; sourceTree = "<group>"; };
		DF9A49A323C9AF8900E99667 /* Info.plist */ = {isa = PBXFileReference; lastKnownFileType = text.plist.xml; path = Info.plist; sourceTree = "<group>"; };
		DF9A49A423C9AF8900E99667 /* main.m */ = {isa = PBXFileReference; lastKnownFileType = sourcecode.c.objc; path = main.m; sourceTree = "<group>"; };
		DF9A49AF23C9AFEE00E99667 /* NSArray的内存 */ = {isa = PBXFileReference; explicitFileType = "compiled.mach-o.executable"; includeInIndex = 0; path = "NSArray的内存"; sourceTree = BUILT_PRODUCTS_DIR; };
		DF9A49B123C9AFEE00E99667 /* main.m */ = {isa = PBXFileReference; lastKnownFileType = sourcecode.c.objc; path = main.m; sourceTree = "<group>"; };
		DF9A49BA23C9B1C200E99667 /* 自定义类的内存占用 */ = {isa = PBXFileReference; explicitFileType = "compiled.mach-o.executable"; includeInIndex = 0; path = "自定义类的内存占用"; sourceTree = BUILT_PRODUCTS_DIR; };
		DF9A49BC23C9B1C200E99667 /* main.m */ = {isa = PBXFileReference; lastKnownFileType = sourcecode.c.objc; path = main.m; sourceTree = "<group>"; };
		DF9A49C123C9B56300E99667 /* main.cpp */ = {isa = PBXFileReference; fileEncoding = 4; lastKnownFileType = sourcecode.cpp.cpp; path = main.cpp; sourceTree = "<group>"; };
		DF9A49C723C9B83900E99667 /* Block转C内存占用 */ = {isa = PBXFileReference; explicitFileType = "compiled.mach-o.executable"; includeInIndex = 0; path = "Block转C内存占用"; sourceTree = BUILT_PRODUCTS_DIR; };
		DF9A49C923C9B83900E99667 /* main.m */ = {isa = PBXFileReference; lastKnownFileType = sourcecode.c.objc; path = main.m; sourceTree = "<group>"; };
		DF9A49CE23C9B89400E99667 /* main.cpp */ = {isa = PBXFileReference; lastKnownFileType = sourcecode.cpp.cpp; path = main.cpp; sourceTree = "<group>"; };
		DF9A49D323C9BA1A00E99667 /* 探索Struct内存分布 */ = {isa = PBXFileReference; explicitFileType = "compiled.mach-o.executable"; includeInIndex = 0; path = "探索Struct内存分布"; sourceTree = BUILT_PRODUCTS_DIR; };
		DF9A49D523C9BA1A00E99667 /* main.m */ = {isa = PBXFileReference; lastKnownFileType = sourcecode.c.objc; path = main.m; sourceTree = "<group>"; };
		DF9A49DE23C9C4A600E99667 /* Associated的内存占用情况 */ = {isa = PBXFileReference; explicitFileType = "compiled.mach-o.executable"; includeInIndex = 0; path = "Associated的内存占用情况"; sourceTree = BUILT_PRODUCTS_DIR; };
		DF9A49E023C9C4A600E99667 /* main.m */ = {isa = PBXFileReference; lastKnownFileType = sourcecode.c.objc; path = main.m; sourceTree = "<group>"; };
		DF9A49E923C9C95300E99667 /* 手动分配内存 */ = {isa = PBXFileReference; explicitFileType = "compiled.mach-o.executable"; includeInIndex = 0; path = "手动分配内存"; sourceTree = BUILT_PRODUCTS_DIR; };
		DF9A49EB23C9C95300E99667 /* main.m */ = {isa = PBXFileReference; lastKnownFileType = sourcecode.c.objc; path = main.m; sourceTree = "<group>"; };
		DF9A49FF23C9CB4F00E99667 /* C可变数组 */ = {isa = PBXFileReference; explicitFileType = "compiled.mach-o.executable"; includeInIndex = 0; path = "C可变数组"; sourceTree = BUILT_PRODUCTS_DIR; };
		DF9A4A0123C9CB4F00E99667 /* main.c */ = {isa = PBXFileReference; lastKnownFileType = sourcecode.c.c; path = main.c; sourceTree = "<group>"; };
/* End PBXFileReference section */

/* Begin PBXFrameworksBuildPhase section */
		DF9A498C23C9AF8600E99667 /* Frameworks */ = {
			isa = PBXFrameworksBuildPhase;
			buildActionMask = 2147483647;
			files = (
				6DBA4DD299A2C370CE939DEB /* Pods_Playground.framework in Frameworks */,
			);
			runOnlyForDeploymentPostprocessing = 0;
		};
		DF9A49AC23C9AFEE00E99667 /* Frameworks */ = {
			isa = PBXFrameworksBuildPhase;
			buildActionMask = 2147483647;
			files = (
			);
			runOnlyForDeploymentPostprocessing = 0;
		};
		DF9A49B723C9B1C200E99667 /* Frameworks */ = {
			isa = PBXFrameworksBuildPhase;
			buildActionMask = 2147483647;
			files = (
			);
			runOnlyForDeploymentPostprocessing = 0;
		};
		DF9A49C423C9B83900E99667 /* Frameworks */ = {
			isa = PBXFrameworksBuildPhase;
			buildActionMask = 2147483647;
			files = (
			);
			runOnlyForDeploymentPostprocessing = 0;
		};
		DF9A49D023C9BA1A00E99667 /* Frameworks */ = {
			isa = PBXFrameworksBuildPhase;
			buildActionMask = 2147483647;
			files = (
			);
			runOnlyForDeploymentPostprocessing = 0;
		};
		DF9A49DB23C9C4A600E99667 /* Frameworks */ = {
			isa = PBXFrameworksBuildPhase;
			buildActionMask = 2147483647;
			files = (
			);
			runOnlyForDeploymentPostprocessing = 0;
		};
		DF9A49E623C9C95300E99667 /* Frameworks */ = {
			isa = PBXFrameworksBuildPhase;
			buildActionMask = 2147483647;
			files = (
			);
			runOnlyForDeploymentPostprocessing = 0;
		};
		DF9A49FC23C9CB4F00E99667 /* Frameworks */ = {
			isa = PBXFrameworksBuildPhase;
			buildActionMask = 2147483647;
			files = (
			);
			runOnlyForDeploymentPostprocessing = 0;
		};
/* End PBXFrameworksBuildPhase section */

/* Begin PBXGroup section */
		25F329BC82B9C39E0ED14EB3 /* Frameworks */ = {
			isa = PBXGroup;
			children = (
				CE18A928D70FEE6BB3FA62F6 /* Pods_Playground.framework */,
				117FDF2DF801CEFCECE576D2 /* Pods_Test.framework */,
			);
			name = Frameworks;
			sourceTree = "<group>";
		};
		A343BDA133CA063EEEA1AE07 /* Pods */ = {
			isa = PBXGroup;
			children = (
				08CF80679345F08E3B8CF9D5 /* Pods-Playground.debug.xcconfig */,
				C549665D403B5B45FF82166F /* Pods-Playground.release.xcconfig */,
				84BEBCB6BF03F2FDED45F866 /* Pods-Test.debug.xcconfig */,
				0EBAF9B68B8E19EF7B814073 /* Pods-Test.release.xcconfig */,
			);
			path = Pods;
			sourceTree = "<group>";
		};
		DF9A498623C9AF8600E99667 = {
			isa = PBXGroup;
			children = (
				DF9A499123C9AF8600E99667 /* Playground */,
				DF9A49B023C9AFEE00E99667 /* NSArray的内存 */,
				DF9A49BB23C9B1C200E99667 /* 自定义类的内存占用 */,
				DF9A49C823C9B83900E99667 /* Block转C内存占用 */,
				DF9A49D423C9BA1A00E99667 /* 探索Struct内存分布 */,
				DF9A49DF23C9C4A600E99667 /* Associated的内存占用情况 */,
				DF9A49EA23C9C95300E99667 /* 手动分配内存 */,
				DF9A4A0023C9CB4F00E99667 /* C可变数组 */,
				DF9A499023C9AF8600E99667 /* Products */,
				A343BDA133CA063EEEA1AE07 /* Pods */,
				25F329BC82B9C39E0ED14EB3 /* Frameworks */,
			);
			sourceTree = "<group>";
		};
		DF9A499023C9AF8600E99667 /* Products */ = {
			isa = PBXGroup;
			children = (
				DF9A498F23C9AF8600E99667 /* Playground.app */,
				DF9A49AF23C9AFEE00E99667 /* NSArray的内存 */,
				DF9A49BA23C9B1C200E99667 /* 自定义类的内存占用 */,
				DF9A49C723C9B83900E99667 /* Block转C内存占用 */,
				DF9A49D323C9BA1A00E99667 /* 探索Struct内存分布 */,
				DF9A49DE23C9C4A600E99667 /* Associated的内存占用情况 */,
				DF9A49E923C9C95300E99667 /* 手动分配内存 */,
				DF9A49FF23C9CB4F00E99667 /* C可变数组 */,
			);
			name = Products;
			sourceTree = "<group>";
		};
		DF9A499123C9AF8600E99667 /* Playground */ = {
			isa = PBXGroup;
			children = (
				DF9A499223C9AF8600E99667 /* AppDelegate.h */,
				DF9A499323C9AF8600E99667 /* AppDelegate.m */,
				DF9A499823C9AF8600E99667 /* ViewController.h */,
				DF9A499923C9AF8600E99667 /* ViewController.m */,
				DF9A499B23C9AF8600E99667 /* Main.storyboard */,
				DF9A499E23C9AF8900E99667 /* Assets.xcassets */,
				DF9A49A023C9AF8900E99667 /* LaunchScreen.storyboard */,
				DF9A49A323C9AF8900E99667 /* Info.plist */,
				DF9A49A423C9AF8900E99667 /* main.m */,
			);
			path = Playground;
			sourceTree = "<group>";
		};
		DF9A49B023C9AFEE00E99667 /* NSArray的内存 */ = {
			isa = PBXGroup;
			children = (
				DF9A49B123C9AFEE00E99667 /* main.m */,
			);
			path = "NSArray的内存";
			sourceTree = "<group>";
		};
		DF9A49BB23C9B1C200E99667 /* 自定义类的内存占用 */ = {
			isa = PBXGroup;
			children = (
				DF9A49C123C9B56300E99667 /* main.cpp */,
				DF9A49BC23C9B1C200E99667 /* main.m */,
			);
			path = "自定义类的内存占用";
			sourceTree = "<group>";
		};
		DF9A49C823C9B83900E99667 /* Block转C内存占用 */ = {
			isa = PBXGroup;
			children = (
				DF9A49CE23C9B89400E99667 /* main.cpp */,
				DF9A49C923C9B83900E99667 /* main.m */,
			);
			path = "Block转C内存占用";
			sourceTree = "<group>";
		};
		DF9A49D423C9BA1A00E99667 /* 探索Struct内存分布 */ = {
			isa = PBXGroup;
			children = (
				DF9A49D523C9BA1A00E99667 /* main.m */,
			);
			path = "探索Struct内存分布";
			sourceTree = "<group>";
		};
		DF9A49DF23C9C4A600E99667 /* Associated的内存占用情况 */ = {
			isa = PBXGroup;
			children = (
				DF9A49E023C9C4A600E99667 /* main.m */,
			);
			path = "Associated的内存占用情况";
			sourceTree = "<group>";
		};
		DF9A49EA23C9C95300E99667 /* 手动分配内存 */ = {
			isa = PBXGroup;
			children = (
				DF9A49EB23C9C95300E99667 /* main.m */,
			);
			path = "手动分配内存";
			sourceTree = "<group>";
		};
		DF9A4A0023C9CB4F00E99667 /* C可变数组 */ = {
			isa = PBXGroup;
			children = (
				DF9A4A0123C9CB4F00E99667 /* main.c */,
			);
			path = "C可变数组";
			sourceTree = "<group>";
		};
/* End PBXGroup section */

/* Begin PBXNativeTarget section */
		DF9A498E23C9AF8600E99667 /* Playground */ = {
			isa = PBXNativeTarget;
			buildConfigurationList = DF9A49A823C9AF8900E99667 /* Build configuration list for PBXNativeTarget "Playground" */;
			buildPhases = (
				0D7BDA6847A0D20E3D79EA7E /* [CP] Check Pods Manifest.lock */,
				DF9A498B23C9AF8600E99667 /* Sources */,
				DF9A498C23C9AF8600E99667 /* Frameworks */,
				DF9A498D23C9AF8600E99667 /* Resources */,
			);
			buildRules = (
			);
			dependencies = (
			);
			name = Playground;
			productName = "编译与内存";
			productReference = DF9A498F23C9AF8600E99667 /* Playground.app */;
			productType = "com.apple.product-type.application";
		};
		DF9A49AE23C9AFEE00E99667 /* NSArray的内存 */ = {
			isa = PBXNativeTarget;
			buildConfigurationList = DF9A49B323C9AFEE00E99667 /* Build configuration list for PBXNativeTarget "NSArray的内存" */;
			buildPhases = (
				DF9A49AB23C9AFEE00E99667 /* Sources */,
				DF9A49AC23C9AFEE00E99667 /* Frameworks */,
				DF9A49AD23C9AFEE00E99667 /* CopyFiles */,
			);
			buildRules = (
			);
			dependencies = (
			);
			name = "NSArray的内存";
			productName = "NSArray的内存";
			productReference = DF9A49AF23C9AFEE00E99667 /* NSArray的内存 */;
			productType = "com.apple.product-type.tool";
		};
		DF9A49B923C9B1C200E99667 /* 自定义类的内存占用 */ = {
			isa = PBXNativeTarget;
			buildConfigurationList = DF9A49BE23C9B1C200E99667 /* Build configuration list for PBXNativeTarget "自定义类的内存占用" */;
			buildPhases = (
				DF9A49B623C9B1C200E99667 /* Sources */,
				DF9A49B723C9B1C200E99667 /* Frameworks */,
				DF9A49B823C9B1C200E99667 /* CopyFiles */,
			);
			buildRules = (
			);
			dependencies = (
			);
			name = "自定义类的内存占用";
			productName = "自定义类的内存占用";
			productReference = DF9A49BA23C9B1C200E99667 /* 自定义类的内存占用 */;
			productType = "com.apple.product-type.tool";
		};
		DF9A49C623C9B83900E99667 /* Block转C内存占用 */ = {
			isa = PBXNativeTarget;
			buildConfigurationList = DF9A49CB23C9B83900E99667 /* Build configuration list for PBXNativeTarget "Block转C内存占用" */;
			buildPhases = (
				DF9A49C323C9B83900E99667 /* Sources */,
				DF9A49C423C9B83900E99667 /* Frameworks */,
				DF9A49C523C9B83900E99667 /* CopyFiles */,
			);
			buildRules = (
			);
			dependencies = (
			);
			name = "Block转C内存占用";
			productName = "Block转C内存占用";
			productReference = DF9A49C723C9B83900E99667 /* Block转C内存占用 */;
			productType = "com.apple.product-type.tool";
		};
		DF9A49D223C9BA1A00E99667 /* 探索Struct内存分布 */ = {
			isa = PBXNativeTarget;
			buildConfigurationList = DF9A49D923C9BA1A00E99667 /* Build configuration list for PBXNativeTarget "探索Struct内存分布" */;
			buildPhases = (
				DF9A49CF23C9BA1A00E99667 /* Sources */,
				DF9A49D023C9BA1A00E99667 /* Frameworks */,
				DF9A49D123C9BA1A00E99667 /* CopyFiles */,
			);
			buildRules = (
			);
			dependencies = (
			);
			name = "探索Struct内存分布";
			productName = "探索Struct内存分布";
			productReference = DF9A49D323C9BA1A00E99667 /* 探索Struct内存分布 */;
			productType = "com.apple.product-type.tool";
		};
		DF9A49DD23C9C4A600E99667 /* Associated的内存占用情况 */ = {
			isa = PBXNativeTarget;
			buildConfigurationList = DF9A49E223C9C4A600E99667 /* Build configuration list for PBXNativeTarget "Associated的内存占用情况" */;
			buildPhases = (
				DF9A49DA23C9C4A600E99667 /* Sources */,
				DF9A49DB23C9C4A600E99667 /* Frameworks */,
				DF9A49DC23C9C4A600E99667 /* CopyFiles */,
			);
			buildRules = (
			);
			dependencies = (
			);
			name = "Associated的内存占用情况";
			productName = "Associated的内存占用情况";
			productReference = DF9A49DE23C9C4A600E99667 /* Associated的内存占用情况 */;
			productType = "com.apple.product-type.tool";
		};
		DF9A49E823C9C95300E99667 /* 手动分配内存 */ = {
			isa = PBXNativeTarget;
			buildConfigurationList = DF9A49ED23C9C95300E99667 /* Build configuration list for PBXNativeTarget "手动分配内存" */;
			buildPhases = (
				DF9A49E523C9C95300E99667 /* Sources */,
				DF9A49E623C9C95300E99667 /* Frameworks */,
				DF9A49E723C9C95300E99667 /* CopyFiles */,
			);
			buildRules = (
			);
			dependencies = (
			);
			name = "手动分配内存";
			productName = "手动分配内存";
			productReference = DF9A49E923C9C95300E99667 /* 手动分配内存 */;
			productType = "com.apple.product-type.tool";
		};
		DF9A49FE23C9CB4F00E99667 /* C可变数组 */ = {
			isa = PBXNativeTarget;
			buildConfigurationList = DF9A4A0323C9CB4F00E99667 /* Build configuration list for PBXNativeTarget "C可变数组" */;
			buildPhases = (
				DF9A49FB23C9CB4F00E99667 /* Sources */,
				DF9A49FC23C9CB4F00E99667 /* Frameworks */,
				DF9A49FD23C9CB4F00E99667 /* CopyFiles */,
			);
			buildRules = (
			);
			dependencies = (
			);
			name = "C可变数组";
			productName = "C可变数组";
			productReference = DF9A49FF23C9CB4F00E99667 /* C可变数组 */;
			productType = "com.apple.product-type.tool";
		};
/* End PBXNativeTarget section */

/* Begin PBXProject section */
		DF9A498723C9AF8600E99667 /* Project object */ = {
			isa = PBXProject;
			attributes = {
				LastSwiftUpdateCheck = 1130;
				LastUpgradeCheck = 1130;
				ORGANIZATIONNAME = liangze;
				TargetAttributes = {
					DF9A498E23C9AF8600E99667 = {
						CreatedOnToolsVersion = 11.3;
					};
					DF9A49AE23C9AFEE00E99667 = {
						CreatedOnToolsVersion = 11.3;
					};
					DF9A49B923C9B1C200E99667 = {
						CreatedOnToolsVersion = 11.3;
					};
					DF9A49C623C9B83900E99667 = {
						CreatedOnToolsVersion = 11.3;
					};
					DF9A49D223C9BA1A00E99667 = {
						CreatedOnToolsVersion = 11.3;
					};
					DF9A49DD23C9C4A600E99667 = {
						CreatedOnToolsVersion = 11.3;
					};
					DF9A49E823C9C95300E99667 = {
						CreatedOnToolsVersion = 11.3;
					};
					DF9A49FE23C9CB4F00E99667 = {
						CreatedOnToolsVersion = 11.3;
					};
				};
			};
			buildConfigurationList = DF9A498A23C9AF8600E99667 /* Build configuration list for PBXProject "Playground" */;
			compatibilityVersion = "Xcode 9.3";
			developmentRegion = en;
			hasScannedForEncodings = 0;
			knownRegions = (
				en,
				Base,
			);
			mainGroup = DF9A498623C9AF8600E99667;
			productRefGroup = DF9A499023C9AF8600E99667 /* Products */;
			projectDirPath = "";
			projectRoot = "";
			targets = (
				DF9A498E23C9AF8600E99667 /* Playground */,
				DF9A49AE23C9AFEE00E99667 /* NSArray的内存 */,
				DF9A49B923C9B1C200E99667 /* 自定义类的内存占用 */,
				DF9A49C623C9B83900E99667 /* Block转C内存占用 */,
				DF9A49D223C9BA1A00E99667 /* 探索Struct内存分布 */,
				DF9A49DD23C9C4A600E99667 /* Associated的内存占用情况 */,
				DF9A49E823C9C95300E99667 /* 手动分配内存 */,
				DF9A49FE23C9CB4F00E99667 /* C可变数组 */,
			);
		};
/* End PBXProject section */

/* Begin PBXResourcesBuildPhase section */
		DF9A498D23C9AF8600E99667 /* Resources */ = {
			isa = PBXResourcesBuildPhase;
			buildActionMask = 2147483647;
			files = (
				DF9A49A223C9AF8900E99667 /* LaunchScreen.storyboard in Resources */,
				DF9A499F23C9AF8900E99667 /* Assets.xcassets in Resources */,
				DF9A499D23C9AF8600E99667 /* Main.storyboard in Resources */,
			);
			runOnlyForDeploymentPostprocessing = 0;
		};
/* End PBXResourcesBuildPhase section */

/* Begin PBXShellScriptBuildPhase section */
		0D7BDA6847A0D20E3D79EA7E /* [CP] Check Pods Manifest.lock */ = {
			isa = PBXShellScriptBuildPhase;
			buildActionMask = 2147483647;
			files = (
			);
			inputFileListPaths = (
			);
			inputPaths = (
				"${PODS_PODFILE_DIR_PATH}/Podfile.lock",
				"${PODS_ROOT}/Manifest.lock",
			);
			name = "[CP] Check Pods Manifest.lock";
			outputFileListPaths = (
			);
			outputPaths = (
				"$(DERIVED_FILE_DIR)/Pods-Playground-checkManifestLockResult.txt",
			);
			runOnlyForDeploymentPostprocessing = 0;
			shellPath = /bin/sh;
			shellScript = "diff \"${PODS_PODFILE_DIR_PATH}/Podfile.lock\" \"${PODS_ROOT}/Manifest.lock\" > /dev/null\nif [ $? != 0 ] ; then\n    # print error to STDERR\n    echo \"error: The sandbox is not in sync with the Podfile.lock. Run 'pod install' or update your CocoaPods installation.\" >&2\n    exit 1\nfi\n# This output is used by Xcode 'outputs' to avoid re-running this script phase.\necho \"SUCCESS\" > \"${SCRIPT_OUTPUT_FILE_0}\"\n";
			showEnvVarsInLog = 0;
		};
/* End PBXShellScriptBuildPhase section */

/* Begin PBXSourcesBuildPhase section */
		DF9A498B23C9AF8600E99667 /* Sources */ = {
			isa = PBXSourcesBuildPhase;
			buildActionMask = 2147483647;
			files = (
				DF9A499A23C9AF8600E99667 /* ViewController.m in Sources */,
				DF9A499423C9AF8600E99667 /* AppDelegate.m in Sources */,
				DF9A49A523C9AF8900E99667 /* main.m in Sources */,
			);
			runOnlyForDeploymentPostprocessing = 0;
		};
		DF9A49AB23C9AFEE00E99667 /* Sources */ = {
			isa = PBXSourcesBuildPhase;
			buildActionMask = 2147483647;
			files = (
				DF9A49B223C9AFEE00E99667 /* main.m in Sources */,
			);
			runOnlyForDeploymentPostprocessing = 0;
		};
		DF9A49B623C9B1C200E99667 /* Sources */ = {
			isa = PBXSourcesBuildPhase;
			buildActionMask = 2147483647;
			files = (
				DF9A49BD23C9B1C200E99667 /* main.m in Sources */,
			);
			runOnlyForDeploymentPostprocessing = 0;
		};
		DF9A49C323C9B83900E99667 /* Sources */ = {
			isa = PBXSourcesBuildPhase;
			buildActionMask = 2147483647;
			files = (
				DF9A49CA23C9B83900E99667 /* main.m in Sources */,
			);
			runOnlyForDeploymentPostprocessing = 0;
		};
		DF9A49CF23C9BA1A00E99667 /* Sources */ = {
			isa = PBXSourcesBuildPhase;
			buildActionMask = 2147483647;
			files = (
				DF9A49D623C9BA1A00E99667 /* main.m in Sources */,
			);
			runOnlyForDeploymentPostprocessing = 0;
		};
		DF9A49DA23C9C4A600E99667 /* Sources */ = {
			isa = PBXSourcesBuildPhase;
			buildActionMask = 2147483647;
			files = (
				DF9A49E123C9C4A600E99667 /* main.m in Sources */,
			);
			runOnlyForDeploymentPostprocessing = 0;
		};
		DF9A49E523C9C95300E99667 /* Sources */ = {
			isa = PBXSourcesBuildPhase;
			buildActionMask = 2147483647;
			files = (
				DF9A49EC23C9C95300E99667 /* main.m in Sources */,
			);
			runOnlyForDeploymentPostprocessing = 0;
		};
		DF9A49FB23C9CB4F00E99667 /* Sources */ = {
			isa = PBXSourcesBuildPhase;
			buildActionMask = 2147483647;
			files = (
				DF9A4A0223C9CB4F00E99667 /* main.c in Sources */,
			);
			runOnlyForDeploymentPostprocessing = 0;
		};
/* End PBXSourcesBuildPhase section */

/* Begin PBXVariantGroup section */
		DF9A499B23C9AF8600E99667 /* Main.storyboard */ = {
			isa = PBXVariantGroup;
			children = (
				DF9A499C23C9AF8600E99667 /* Base */,
			);
			name = Main.storyboard;
			sourceTree = "<group>";
		};
		DF9A49A023C9AF8900E99667 /* LaunchScreen.storyboard */ = {
			isa = PBXVariantGroup;
			children = (
				DF9A49A123C9AF8900E99667 /* Base */,
			);
			name = LaunchScreen.storyboard;
			sourceTree = "<group>";
		};
/* End PBXVariantGroup section */

/* Begin XCBuildConfiguration section */
		DF9A49A623C9AF8900E99667 /* Debug */ = {
			isa = XCBuildConfiguration;
			buildSettings = {
				ALWAYS_SEARCH_USER_PATHS = NO;
				CLANG_ANALYZER_NONNULL = YES;
				CLANG_ANALYZER_NUMBER_OBJECT_CONVERSION = YES_AGGRESSIVE;
				CLANG_CXX_LANGUAGE_STANDARD = "gnu++14";
				CLANG_CXX_LIBRARY = "libc++";
				CLANG_ENABLE_MODULES = YES;
				CLANG_ENABLE_OBJC_ARC = YES;
				CLANG_ENABLE_OBJC_WEAK = YES;
				CLANG_WARN_BLOCK_CAPTURE_AUTORELEASING = YES;
				CLANG_WARN_BOOL_CONVERSION = YES;
				CLANG_WARN_COMMA = YES;
				CLANG_WARN_CONSTANT_CONVERSION = YES;
				CLANG_WARN_DEPRECATED_OBJC_IMPLEMENTATIONS = YES;
				CLANG_WARN_DIRECT_OBJC_ISA_USAGE = YES_ERROR;
				CLANG_WARN_DOCUMENTATION_COMMENTS = YES;
				CLANG_WARN_EMPTY_BODY = YES;
				CLANG_WARN_ENUM_CONVERSION = YES;
				CLANG_WARN_INFINITE_RECURSION = YES;
				CLANG_WARN_INT_CONVERSION = YES;
				CLANG_WARN_NON_LITERAL_NULL_CONVERSION = YES;
				CLANG_WARN_OBJC_IMPLICIT_RETAIN_SELF = YES;
				CLANG_WARN_OBJC_LITERAL_CONVERSION = YES;
				CLANG_WARN_OBJC_ROOT_CLASS = YES_ERROR;
				CLANG_WARN_RANGE_LOOP_ANALYSIS = YES;
				CLANG_WARN_STRICT_PROTOTYPES = YES;
				CLANG_WARN_SUSPICIOUS_MOVE = YES;
				CLANG_WARN_UNGUARDED_AVAILABILITY = YES_AGGRESSIVE;
				CLANG_WARN_UNREACHABLE_CODE = YES;
				CLANG_WARN__DUPLICATE_METHOD_MATCH = YES;
				COPY_PHASE_STRIP = NO;
				DEBUG_INFORMATION_FORMAT = dwarf;
				ENABLE_STRICT_OBJC_MSGSEND = YES;
				ENABLE_TESTABILITY = YES;
				GCC_C_LANGUAGE_STANDARD = gnu11;
				GCC_DYNAMIC_NO_PIC = NO;
				GCC_NO_COMMON_BLOCKS = YES;
				GCC_OPTIMIZATION_LEVEL = 0;
				GCC_PREPROCESSOR_DEFINITIONS = (
					"DEBUG=1",
					"$(inherited)",
				);
				GCC_WARN_64_TO_32_BIT_CONVERSION = YES;
				GCC_WARN_ABOUT_RETURN_TYPE = YES_ERROR;
				GCC_WARN_UNDECLARED_SELECTOR = YES;
				GCC_WARN_UNINITIALIZED_AUTOS = YES_AGGRESSIVE;
				GCC_WARN_UNUSED_FUNCTION = YES;
				GCC_WARN_UNUSED_VARIABLE = YES;
				IPHONEOS_DEPLOYMENT_TARGET = 13.2;
				MTL_ENABLE_DEBUG_INFO = INCLUDE_SOURCE;
				MTL_FAST_MATH = YES;
				ONLY_ACTIVE_ARCH = YES;
				SDKROOT = iphoneos;
			};
			name = Debug;
		};
		DF9A49A723C9AF8900E99667 /* Release */ = {
			isa = XCBuildConfiguration;
			buildSettings = {
				ALWAYS_SEARCH_USER_PATHS = NO;
				CLANG_ANALYZER_NONNULL = YES;
				CLANG_ANALYZER_NUMBER_OBJECT_CONVERSION = YES_AGGRESSIVE;
				CLANG_CXX_LANGUAGE_STANDARD = "gnu++14";
				CLANG_CXX_LIBRARY = "libc++";
				CLANG_ENABLE_MODULES = YES;
				CLANG_ENABLE_OBJC_ARC = YES;
				CLANG_ENABLE_OBJC_WEAK = YES;
				CLANG_WARN_BLOCK_CAPTURE_AUTORELEASING = YES;
				CLANG_WARN_BOOL_CONVERSION = YES;
				CLANG_WARN_COMMA = YES;
				CLANG_WARN_CONSTANT_CONVERSION = YES;
				CLANG_WARN_DEPRECATED_OBJC_IMPLEMENTATIONS = YES;
				CLANG_WARN_DIRECT_OBJC_ISA_USAGE = YES_ERROR;
				CLANG_WARN_DOCUMENTATION_COMMENTS = YES;
				CLANG_WARN_EMPTY_BODY = YES;
				CLANG_WARN_ENUM_CONVERSION = YES;
				CLANG_WARN_INFINITE_RECURSION = YES;
				CLANG_WARN_INT_CONVERSION = YES;
				CLANG_WARN_NON_LITERAL_NULL_CONVERSION = YES;
				CLANG_WARN_OBJC_IMPLICIT_RETAIN_SELF = YES;
				CLANG_WARN_OBJC_LITERAL_CONVERSION = YES;
				CLANG_WARN_OBJC_ROOT_CLASS = YES_ERROR;
				CLANG_WARN_RANGE_LOOP_ANALYSIS = YES;
				CLANG_WARN_STRICT_PROTOTYPES = YES;
				CLANG_WARN_SUSPICIOUS_MOVE = YES;
				CLANG_WARN_UNGUARDED_AVAILABILITY = YES_AGGRESSIVE;
				CLANG_WARN_UNREACHABLE_CODE = YES;
				CLANG_WARN__DUPLICATE_METHOD_MATCH = YES;
				COPY_PHASE_STRIP = NO;
				DEBUG_INFORMATION_FORMAT = "dwarf-with-dsym";
				ENABLE_NS_ASSERTIONS = NO;
				ENABLE_STRICT_OBJC_MSGSEND = YES;
				GCC_C_LANGUAGE_STANDARD = gnu11;
				GCC_NO_COMMON_BLOCKS = YES;
				GCC_WARN_64_TO_32_BIT_CONVERSION = YES;
				GCC_WARN_ABOUT_RETURN_TYPE = YES_ERROR;
				GCC_WARN_UNDECLARED_SELECTOR = YES;
				GCC_WARN_UNINITIALIZED_AUTOS = YES_AGGRESSIVE;
				GCC_WARN_UNUSED_FUNCTION = YES;
				GCC_WARN_UNUSED_VARIABLE = YES;
				IPHONEOS_DEPLOYMENT_TARGET = 13.2;
				MTL_ENABLE_DEBUG_INFO = NO;
				MTL_FAST_MATH = YES;
				SDKROOT = iphoneos;
				VALIDATE_PRODUCT = YES;
			};
			name = Release;
		};
		DF9A49A923C9AF8900E99667 /* Debug */ = {
			isa = XCBuildConfiguration;
			baseConfigurationReference = 08CF80679345F08E3B8CF9D5 /* Pods-Playground.debug.xcconfig */;
			buildSettings = {
				ASSETCATALOG_COMPILER_APPICON_NAME = AppIcon;
				CODE_SIGN_STYLE = Automatic;
				DEVELOPMENT_TEAM = 58Y74FY8QK;
				INFOPLIST_FILE = Playground/Info.plist;
				LD_RUNPATH_SEARCH_PATHS = (
					"$(inherited)",
					"@executable_path/Frameworks",
				);
				PRODUCT_BUNDLE_IDENTIFIER = "com.fbbc.-----";
				PRODUCT_NAME = "$(TARGET_NAME)";
				TARGETED_DEVICE_FAMILY = "1,2";
			};
			name = Debug;
		};
		DF9A49AA23C9AF8900E99667 /* Release */ = {
			isa = XCBuildConfiguration;
			baseConfigurationReference = C549665D403B5B45FF82166F /* Pods-Playground.release.xcconfig */;
			buildSettings = {
				ASSETCATALOG_COMPILER_APPICON_NAME = AppIcon;
				CODE_SIGN_STYLE = Automatic;
				DEVELOPMENT_TEAM = 58Y74FY8QK;
				INFOPLIST_FILE = Playground/Info.plist;
				LD_RUNPATH_SEARCH_PATHS = (
					"$(inherited)",
					"@executable_path/Frameworks",
				);
				PRODUCT_BUNDLE_IDENTIFIER = "com.fbbc.-----";
				PRODUCT_NAME = "$(TARGET_NAME)";
				TARGETED_DEVICE_FAMILY = "1,2";
			};
			name = Release;
		};
		DF9A49B423C9AFEE00E99667 /* Debug */ = {
			isa = XCBuildConfiguration;
			buildSettings = {
				CODE_SIGN_STYLE = Automatic;
				DEVELOPMENT_TEAM = 58Y74FY8QK;
				ENABLE_HARDENED_RUNTIME = YES;
				MACOSX_DEPLOYMENT_TARGET = 10.15;
				PRODUCT_NAME = "$(TARGET_NAME)";
				SDKROOT = macosx;
			};
			name = Debug;
		};
		DF9A49B523C9AFEE00E99667 /* Release */ = {
			isa = XCBuildConfiguration;
			buildSettings = {
				CODE_SIGN_STYLE = Automatic;
				DEVELOPMENT_TEAM = 58Y74FY8QK;
				ENABLE_HARDENED_RUNTIME = YES;
				MACOSX_DEPLOYMENT_TARGET = 10.15;
				PRODUCT_NAME = "$(TARGET_NAME)";
				SDKROOT = macosx;
			};
			name = Release;
		};
		DF9A49BF23C9B1C200E99667 /* Debug */ = {
			isa = XCBuildConfiguration;
			buildSettings = {
				CODE_SIGN_STYLE = Automatic;
				DEVELOPMENT_TEAM = 58Y74FY8QK;
				ENABLE_HARDENED_RUNTIME = YES;
				MACOSX_DEPLOYMENT_TARGET = 10.15;
				PRODUCT_NAME = "$(TARGET_NAME)";
				SDKROOT = macosx;
			};
			name = Debug;
		};
		DF9A49C023C9B1C200E99667 /* Release */ = {
			isa = XCBuildConfiguration;
			buildSettings = {
				CODE_SIGN_STYLE = Automatic;
				DEVELOPMENT_TEAM = 58Y74FY8QK;
				ENABLE_HARDENED_RUNTIME = YES;
				MACOSX_DEPLOYMENT_TARGET = 10.15;
				PRODUCT_NAME = "$(TARGET_NAME)";
				SDKROOT = macosx;
			};
			name = Release;
		};
		DF9A49CC23C9B83900E99667 /* Debug */ = {
			isa = XCBuildConfiguration;
			buildSettings = {
				CODE_SIGN_STYLE = Automatic;
				DEVELOPMENT_TEAM = 58Y74FY8QK;
				ENABLE_HARDENED_RUNTIME = YES;
				MACOSX_DEPLOYMENT_TARGET = 10.15;
				PRODUCT_NAME = "$(TARGET_NAME)";
				SDKROOT = macosx;
			};
			name = Debug;
		};
		DF9A49CD23C9B83900E99667 /* Release */ = {
			isa = XCBuildConfiguration;
			buildSettings = {
				CODE_SIGN_STYLE = Automatic;
				DEVELOPMENT_TEAM = 58Y74FY8QK;
				ENABLE_HARDENED_RUNTIME = YES;
				MACOSX_DEPLOYMENT_TARGET = 10.15;
				PRODUCT_NAME = "$(TARGET_NAME)";
				SDKROOT = macosx;
			};
			name = Release;
		};
		DF9A49D723C9BA1A00E99667 /* Debug */ = {
			isa = XCBuildConfiguration;
			buildSettings = {
				CODE_SIGN_STYLE = Automatic;
				DEVELOPMENT_TEAM = 58Y74FY8QK;
				ENABLE_HARDENED_RUNTIME = YES;
				GCC_C_LANGUAGE_STANDARD = gnu11;
				MACOSX_DEPLOYMENT_TARGET = 10.15;
				PRODUCT_NAME = "$(TARGET_NAME)";
				SDKROOT = macosx;
			};
			name = Debug;
		};
		DF9A49D823C9BA1A00E99667 /* Release */ = {
			isa = XCBuildConfiguration;
			buildSettings = {
				CODE_SIGN_STYLE = Automatic;
				DEVELOPMENT_TEAM = 58Y74FY8QK;
				ENABLE_HARDENED_RUNTIME = YES;
				GCC_C_LANGUAGE_STANDARD = gnu11;
				MACOSX_DEPLOYMENT_TARGET = 10.15;
				PRODUCT_NAME = "$(TARGET_NAME)";
				SDKROOT = macosx;
			};
			name = Release;
		};
		DF9A49E323C9C4A600E99667 /* Debug */ = {
			isa = XCBuildConfiguration;
			buildSettings = {
				CODE_SIGN_STYLE = Automatic;
				DEVELOPMENT_TEAM = 58Y74FY8QK;
				ENABLE_HARDENED_RUNTIME = YES;
				MACOSX_DEPLOYMENT_TARGET = 10.15;
				PRODUCT_NAME = "$(TARGET_NAME)";
				SDKROOT = macosx;
			};
			name = Debug;
		};
		DF9A49E423C9C4A600E99667 /* Release */ = {
			isa = XCBuildConfiguration;
			buildSettings = {
				CODE_SIGN_STYLE = Automatic;
				DEVELOPMENT_TEAM = 58Y74FY8QK;
				ENABLE_HARDENED_RUNTIME = YES;
				MACOSX_DEPLOYMENT_TARGET = 10.15;
				PRODUCT_NAME = "$(TARGET_NAME)";
				SDKROOT = macosx;
			};
			name = Release;
		};
		DF9A49EE23C9C95300E99667 /* Debug */ = {
			isa = XCBuildConfiguration;
			buildSettings = {
				CODE_SIGN_STYLE = Automatic;
				DEVELOPMENT_TEAM = 58Y74FY8QK;
				ENABLE_HARDENED_RUNTIME = YES;
				MACOSX_DEPLOYMENT_TARGET = 10.15;
				PRODUCT_NAME = "$(TARGET_NAME)";
				SDKROOT = macosx;
			};
			name = Debug;
		};
		DF9A49EF23C9C95300E99667 /* Release */ = {
			isa = XCBuildConfiguration;
			buildSettings = {
				CODE_SIGN_STYLE = Automatic;
				DEVELOPMENT_TEAM = 58Y74FY8QK;
				ENABLE_HARDENED_RUNTIME = YES;
				MACOSX_DEPLOYMENT_TARGET = 10.15;
				PRODUCT_NAME = "$(TARGET_NAME)";
				SDKROOT = macosx;
			};
			name = Release;
		};
		DF9A4A0423C9CB4F00E99667 /* Debug */ = {
			isa = XCBuildConfiguration;
			buildSettings = {
				CODE_SIGN_STYLE = Automatic;
				DEVELOPMENT_TEAM = 58Y74FY8QK;
				ENABLE_HARDENED_RUNTIME = YES;
				MACOSX_DEPLOYMENT_TARGET = 10.15;
				PRODUCT_NAME = "$(TARGET_NAME)";
				SDKROOT = macosx;
			};
			name = Debug;
		};
		DF9A4A0523C9CB4F00E99667 /* Release */ = {
			isa = XCBuildConfiguration;
			buildSettings = {
				CODE_SIGN_STYLE = Automatic;
				DEVELOPMENT_TEAM = 58Y74FY8QK;
				ENABLE_HARDENED_RUNTIME = YES;
				MACOSX_DEPLOYMENT_TARGET = 10.15;
				PRODUCT_NAME = "$(TARGET_NAME)";
				SDKROOT = macosx;
			};
			name = Release;
		};
/* End XCBuildConfiguration section */

/* Begin XCConfigurationList section */
		DF9A498A23C9AF8600E99667 /* Build configuration list for PBXProject "Playground" */ = {
			isa = XCConfigurationList;
			buildConfigurations = (
				DF9A49A623C9AF8900E99667 /* Debug */,
				DF9A49A723C9AF8900E99667 /* Release */,
			);
			defaultConfigurationIsVisible = 0;
			defaultConfigurationName = Release;
		};
		DF9A49A823C9AF8900E99667 /* Build configuration list for PBXNativeTarget "Playground" */ = {
			isa = XCConfigurationList;
			buildConfigurations = (
				DF9A49A923C9AF8900E99667 /* Debug */,
				DF9A49AA23C9AF8900E99667 /* Release */,
			);
			defaultConfigurationIsVisible = 0;
			defaultConfigurationName = Release;
		};
		DF9A49B323C9AFEE00E99667 /* Build configuration list for PBXNativeTarget "NSArray的内存" */ = {
			isa = XCConfigurationList;
			buildConfigurations = (
				DF9A49B423C9AFEE00E99667 /* Debug */,
				DF9A49B523C9AFEE00E99667 /* Release */,
			);
			defaultConfigurationIsVisible = 0;
			defaultConfigurationName = Release;
		};
		DF9A49BE23C9B1C200E99667 /* Build configuration list for PBXNativeTarget "自定义类的内存占用" */ = {
			isa = XCConfigurationList;
			buildConfigurations = (
				DF9A49BF23C9B1C200E99667 /* Debug */,
				DF9A49C023C9B1C200E99667 /* Release */,
			);
			defaultConfigurationIsVisible = 0;
			defaultConfigurationName = Release;
		};
		DF9A49CB23C9B83900E99667 /* Build configuration list for PBXNativeTarget "Block转C内存占用" */ = {
			isa = XCConfigurationList;
			buildConfigurations = (
				DF9A49CC23C9B83900E99667 /* Debug */,
				DF9A49CD23C9B83900E99667 /* Release */,
			);
			defaultConfigurationIsVisible = 0;
			defaultConfigurationName = Release;
		};
		DF9A49D923C9BA1A00E99667 /* Build configuration list for PBXNativeTarget "探索Struct内存分布" */ = {
			isa = XCConfigurationList;
			buildConfigurations = (
				DF9A49D723C9BA1A00E99667 /* Debug */,
				DF9A49D823C9BA1A00E99667 /* Release */,
			);
			defaultConfigurationIsVisible = 0;
			defaultConfigurationName = Release;
		};
		DF9A49E223C9C4A600E99667 /* Build configuration list for PBXNativeTarget "Associated的内存占用情况" */ = {
			isa = XCConfigurationList;
			buildConfigurations = (
				DF9A49E323C9C4A600E99667 /* Debug */,
				DF9A49E423C9C4A600E99667 /* Release */,
			);
			defaultConfigurationIsVisible = 0;
			defaultConfigurationName = Release;
		};
		DF9A49ED23C9C95300E99667 /* Build configuration list for PBXNativeTarget "手动分配内存" */ = {
			isa = XCConfigurationList;
			buildConfigurations = (
				DF9A49EE23C9C95300E99667 /* Debug */,
				DF9A49EF23C9C95300E99667 /* Release */,
			);
			defaultConfigurationIsVisible = 0;
			defaultConfigurationName = Release;
		};
		DF9A4A0323C9CB4F00E99667 /* Build configuration list for PBXNativeTarget "C可变数组" */ = {
			isa = XCConfigurationList;
			buildConfigurations = (
				DF9A4A0423C9CB4F00E99667 /* Debug */,
				DF9A4A0523C9CB4F00E99667 /* Release */,
			);
			defaultConfigurationIsVisible = 0;
			defaultConfigurationName = Release;
		};
/* End XCConfigurationList section */
	};
	rootObject = DF9A498723C9AF8600E99667 /* Project object */;
}
